
Microsoft Visual Studio Solution File, Format Version 12.00
# Visual Studio Version 17
VisualStudioVersion = 17.6.33801.468
MinimumVisualStudioVersion = 10.0.40219.1
Project("{FAE04EC0-301F-11D3-BF4B-00C04F79EFBC}") = "Konsolen_Prototype", "Konsolen_Prototype\Konsolen_Prototype.csproj", "{B59CB32B-19A0-4875-ADF6-1DF455D624FD}"
EndProject
Global
	GlobalSection(SolutionConfigurationPlatforms) = preSolution
		Debug|Any CPU = Debug|Any CPU
		Release|Any CPU = Release|Any CPU
	EndGlobalSection
	GlobalSection(ProjectConfigurationPlatforms) = postSolution
		{B59CB32B-19A0-4875-ADF6-1DF455D624FD}.Debug|Any CPU.ActiveCfg = Debug|Any CPU
		{B59CB32B-19A0-4875-ADF6-1DF455D624FD}.Debug|Any CPU.Build.0 = Debug|Any CPU
		{B59CB32B-19A0-4875-ADF6-1DF455D624FD}.Release|Any CPU.ActiveCfg = Release|Any CPU
		{B59CB32B-19A0-4875-ADF6-1DF455D624FD}.Release|Any CPU.Build.0 = Release|Any CPU
	EndGlobalSection
	GlobalSection(SolutionProperties) = preSolution
		HideSolutionNode = FALSE
	EndGlobalSection
	GlobalSection(ExtensibilityGlobals) = postSolution
		SolutionGuid = {9BF509EF-1427-4768-8277-D3818BB47926}
	EndGlobalSection
EndGlobal
